
Microsoft Visual Studio Solution File, Format Version 12.00
# Visual Studio 2012
Project("{FAE04EC0-301F-11D3-BF4B-00C04F79EFBC}") = "BFFQuiz", "BFFQuiz\BFFQuiz.csproj", "{1B247572-FF45-4424-8C5D-B95BE3F441E7}"
EndProject
Project("{2150E333-8FDC-42A3-9474-1A3956D46DE8}") = ".nuget", ".nuget", "{2B4F6269-925A-4B19-AED5-57D0A5482C43}"
	ProjectSection(SolutionItems) = preProject
		.nuget\packages.config = .nuget\packages.config
	EndProjectSection
EndProject
Global
	GlobalSection(SolutionConfigurationPlatforms) = preSolution
		Debug|Any CPU = Debug|Any CPU
		Release|Any CPU = Release|Any CPU
	EndGlobalSection
	GlobalSection(ProjectConfigurationPlatforms) = postSolution
		{1B247572-FF45-4424-8C5D-B95BE3F441E7}.Debug|Any CPU.ActiveCfg = Debug|Any CPU
		{1B247572-FF45-4424-8C5D-B95BE3F441E7}.Debug|Any CPU.Build.0 = Debug|Any CPU
		{1B247572-FF45-4424-8C5D-B95BE3F441E7}.Debug|Any CPU.Deploy.0 = Debug|Any CPU
		{1B247572-FF45-4424-8C5D-B95BE3F441E7}.Release|Any CPU.ActiveCfg = Release|Any CPU
		{1B247572-FF45-4424-8C5D-B95BE3F441E7}.Release|Any CPU.Build.0 = Release|Any CPU
		{1B247572-FF45-4424-8C5D-B95BE3F441E7}.Release|Any CPU.Deploy.0 = Release|Any CPU
	EndGlobalSection
	GlobalSection(SolutionProperties) = preSolution
		HideSolutionNode = FALSE
	EndGlobalSection
EndGlobal
